
Microsoft Visual Studio Solution File, Format Version 12.00
# Visual Studio Version 17
VisualStudioVersion = 17.1.32228.430
MinimumVisualStudioVersion = 10.0.40219.1
Project("{FAE04EC0-301F-11D3-BF4B-00C04F79EFBC}") = "ImageNameApp", "ImageNameApp\ImageNameApp.csproj", "{A26EF243-8C91-4885-92C2-33BC3B6EA957}"
EndProject
Global
	GlobalSection(SolutionConfigurationPlatforms) = preSolution
		Debug|Any CPU = Debug|Any CPU
		Release|Any CPU = Release|Any CPU
	EndGlobalSection
	GlobalSection(ProjectConfigurationPlatforms) = postSolution
		{A26EF243-8C91-4885-92C2-33BC3B6EA957}.Debug|Any CPU.ActiveCfg = Debug|Any CPU
		{A26EF243-8C91-4885-92C2-33BC3B6EA957}.Debug|Any CPU.Build.0 = Debug|Any CPU
		{A26EF243-8C91-4885-92C2-33BC3B6EA957}.Release|Any CPU.ActiveCfg = Release|Any CPU
		{A26EF243-8C91-4885-92C2-33BC3B6EA957}.Release|Any CPU.Build.0 = Release|Any CPU
	EndGlobalSection
	GlobalSection(SolutionProperties) = preSolution
		HideSolutionNode = FALSE
	EndGlobalSection
	GlobalSection(ExtensibilityGlobals) = postSolution
		SolutionGuid = {EB80D9C6-23D4-4599-9D98-78ADE1849126}
	EndGlobalSection
EndGlobal
